// !$*UTF8*$!
{
	archiveVersion = 1;
	classes = {
	};
	objectVersion = 46;
	objects = {

/* Begin PBXBuildFile section */
		10A03AF51C5BBE51006E9EDE /* AppDelegate.swift in Sources */ = {isa = PBXBuildFile; fileRef = 10A03AF41C5BBE51006E9EDE /* AppDelegate.swift */; };
		10A03AF71C5BBE51006E9EDE /* ViewController.swift in Sources */ = {isa = PBXBuildFile; fileRef = 10A03AF61C5BBE51006E9EDE /* ViewController.swift */; };
		10A03AFA1C5BBE51006E9EDE /* Main.storyboard in Resources */ = {isa = PBXBuildFile; fileRef = 10A03AF81C5BBE51006E9EDE /* Main.storyboard */; };
		10A03AFC1C5BBE51006E9EDE /* Assets.xcassets in Resources */ = {isa = PBXBuildFile; fileRef = 10A03AFB1C5BBE51006E9EDE /* Assets.xcassets */; };
		10A03AFF1C5BBE51006E9EDE /* LaunchScreen.storyboard in Resources */ = {isa = PBXBuildFile; fileRef = 10A03AFD1C5BBE51006E9EDE /* LaunchScreen.storyboard */; };
/* End PBXBuildFile section */

/* Begin PBXFileReference section */
		10A03AF11C5BBE51006E9EDE /* TipCalculator.app */ = {isa = PBXFileReference; explicitFileType = wrapper.application; includeInIndex = 0; path = TipCalculator.app; sourceTree = BUILT_PRODUCTS_DIR; };
		10A03AF41C5BBE51006E9EDE /* AppDelegate.swift */ = {isa = PBXFileReference; lastKnownFileType = sourcecode.swift; name = AppDelegate.swift; path = ../AppDelegate.swift; sourceTree = "<group>"; };
		10A03AF61C5BBE51006E9EDE /* ViewController.swift */ = {isa = PBXFileReference; lastKnownFileType = sourcecode.swift; path = ViewController.swift; sourceTree = "<group>"; };
		10A03AF91C5BBE51006E9EDE /* Base */ = {isa = PBXFileReference; lastKnownFileType = file.storyboard; name = Base; path = Base.lproj/Main.storyboard; sourceTree = "<group>"; };
		10A03AFB1C5BBE51006E9EDE /* Assets.xcassets */ = {isa = PBXFileReference; lastKnownFileType = folder.assetcatalog; name = Assets.xcassets; path = ../Assets.xcassets; sourceTree = "<group>"; };
		10A03AFE1C5BBE51006E9EDE /* Base */ = {isa = PBXFileReference; lastKnownFileType = file.storyboard; name = Base; path = Base.lproj/LaunchScreen.storyboard; sourceTree = "<group>"; };
		10A03B001C5BBE51006E9EDE /* Info.plist */ = {isa = PBXFileReference; lastKnownFileType = text.plist.xml; path = Info.plist; sourceTree = "<group>"; };
/* End PBXFileReference section */

/* Begin PBXFrameworksBuildPhase section */
		10A03AEE1C5BBE51006E9EDE /* Frameworks */ = {
			isa = PBXFrameworksBuildPhase;
			buildActionMask = 2147483647;
			files = (
			);
			runOnlyForDeploymentPostprocessing = 0;
		};
/* End PBXFrameworksBuildPhase section */

/* Begin PBXGroup section */
		10A03AE81C5BBE51006E9EDE = {
			isa = PBXGroup;
			children = (
				10A03AF31C5BBE51006E9EDE /* TipCalculator */,
				10A03AF21C5BBE51006E9EDE /* Products */,
			);
			sourceTree = "<group>";
		};
		10A03AF21C5BBE51006E9EDE /* Products */ = {
			isa = PBXGroup;
			children = (
				10A03AF11C5BBE51006E9EDE /* TipCalculator.app */,
			);
			name = Products;
			sourceTree = "<group>";
		};
		10A03AF31C5BBE51006E9EDE /* TipCalculator */ = {
			isa = PBXGroup;
			children = (
				10A03AF81C5BBE51006E9EDE /* Main.storyboard */,
				10A03AF61C5BBE51006E9EDE /* ViewController.swift */,
				10A03B061C5BBE85006E9EDE /* Supporting File */,
				10A03B001C5BBE51006E9EDE /* Info.plist */,
			);
			path = TipCalculator;
			sourceTree = "<group>";
		};
		10A03B061C5BBE85006E9EDE /* Supporting File */ = {
			isa = PBXGroup;
			children = (
				10A03AFD1C5BBE51006E9EDE /* LaunchScreen.storyboard */,
				10A03AFB1C5BBE51006E9EDE /* Assets.xcassets */,
				10A03AF41C5BBE51006E9EDE /* AppDelegate.swift */,
			);
			path = "Supporting File";
			sourceTree = "<group>";
		};
/* End PBXGroup section */

/* Begin PBXNativeTarget section */
		10A03AF01C5BBE51006E9EDE /* TipCalculator */ = {
			isa = PBXNativeTarget;
			buildConfigurationList = 10A03B031C5BBE51006E9EDE /* Build configuration list for PBXNativeTarget "TipCalculator" */;
			buildPhases = (
				10A03AED1C5BBE51006E9EDE /* Sources */,
				10A03AEE1C5BBE51006E9EDE /* Frameworks */,
				10A03AEF1C5BBE51006E9EDE /* Resources */,
			);
			buildRules = (
			);
			dependencies = (
			);
			name = TipCalculator;
			productName = TipCalculator;
			productReference = 10A03AF11C5BBE51006E9EDE /* TipCalculator.app */;
			productType = "com.apple.product-type.application";
		};
/* End PBXNativeTarget section */

/* Begin PBXProject section */
		10A03AE91C5BBE51006E9EDE /* Project object */ = {
			isa = PBXProject;
			attributes = {
				LastSwiftUpdateCheck = 0720;
				LastUpgradeCheck = 0720;
				ORGANIZATIONNAME = "nguyen trung quang";
				TargetAttributes = {
					10A03AF01C5BBE51006E9EDE = {
						CreatedOnToolsVersion = 7.2;
					};
				};
			};
			buildConfigurationList = 10A03AEC1C5BBE51006E9EDE /* Build configuration list for PBXProject "TipCalculator" */;
			compatibilityVersion = "Xcode 3.2";
			developmentRegion = English;
			hasScannedForEncodings = 0;
			knownRegions = (
				en,
				Base,
			);
			mainGroup = 10A03AE81C5BBE51006E9EDE;
			productRefGroup = 10A03AF21C5BBE51006E9EDE /* Products */;
			projectDirPath = "";
			projectRoot = "";
			targets = (
				10A03AF01C5BBE51006E9EDE /* TipCalculator */,
			);
		};
/* End PBXProject section */

/* Begin PBXResourcesBuildPhase section */
		10A03AEF1C5BBE51006E9EDE /* Resources */ = {
			isa = PBXResourcesBuildPhase;
			buildActionMask = 2147483647;
			files = (
				10A03AFF1C5BBE51006E9EDE /* LaunchScreen.storyboard in Resources */,
				10A03AFC1C5BBE51006E9EDE /* Assets.xcassets in Resources */,
				10A03AFA1C5BBE51006E9EDE /* Main.storyboard in Resources */,
			);
			runOnlyForDeploymentPostprocessing = 0;
		};
/* End PBXResourcesBuildPhase section */

/* Begin PBXSourcesBuildPhase section */
		10A03AED1C5BBE51006E9EDE /* Sources */ = {
			isa = PBXSourcesBuildPhase;
			buildActionMask = 2147483647;
			files = (
				10A03AF71C5BBE51006E9EDE /* ViewController.swift in Sources */,
				10A03AF51C5BBE51006E9EDE /* AppDelegate.swift in Sources */,
			);
			runOnlyForDeploymentPostprocessing = 0;
		};
/* End PBXSourcesBuildPhase section */

/* Begin PBXVariantGroup section */
		10A03AF81C5BBE51006E9EDE /* Main.storyboard */ = {
			isa = PBXVariantGroup;
			children = (
				10A03AF91C5BBE51006E9EDE /* Base */,
			);
			name = Main.storyboard;
			sourceTree = "<group>";
		};
		10A03AFD1C5BBE51006E9EDE /* LaunchScreen.storyboard */ = {
			isa = PBXVariantGroup;
			children = (
				10A03AFE1C5BBE51006E9EDE /* Base */,
			);
			name = LaunchScreen.storyboard;
			path = ..;
			sourceTree = "<group>";
		};
/* End PBXVariantGroup section */

/* Begin XCBuildConfiguration section */
		10A03B011C5BBE51006E9EDE /* Debug */ = {
			isa = XCBuildConfiguration;
			buildSettings = {
				ALWAYS_SEARCH_USER_PATHS = NO;
				CLANG_CXX_LANGUAGE_STANDARD = "gnu++0x";
				CLANG_CXX_LIBRARY = "libc++";
				CLANG_ENABLE_MODULES = YES;
				CLANG_ENABLE_OBJC_ARC = YES;
				CLANG_WARN_BOOL_CONVERSION = YES;
				CLANG_WARN_CONSTANT_CONVERSION = YES;
				CLANG_WARN_DIRECT_OBJC_ISA_USAGE = YES_ERROR;
				CLANG_WARN_EMPTY_BODY = YES;
				CLANG_WARN_ENUM_CONVERSION = YES;
				CLANG_WARN_INT_CONVERSION = YES;
				CLANG_WARN_OBJC_ROOT_CLASS = YES_ERROR;
				CLANG_WARN_UNREACHABLE_CODE = YES;
				CLANG_WARN__DUPLICATE_METHOD_MATCH = YES;
				"CODE_SIGN_IDENTITY[sdk=iphoneos*]" = "iPhone Developer";
				COPY_PHASE_STRIP = NO;
				DEBUG_INFORMATION_FORMAT = dwarf;
				ENABLE_STRICT_OBJC_MSGSEND = YES;
				ENABLE_TESTABILITY = YES;
				GCC_C_LANGUAGE_STANDARD = gnu99;
				GCC_DYNAMIC_NO_PIC = NO;
				GCC_NO_COMMON_BLOCKS = YES;
				GCC_OPTIMIZATION_LEVEL = 0;
				GCC_PREPROCESSOR_DEFINITIONS = (
					"DEBUG=1",
					"$(inherited)",
				);
				GCC_WARN_64_TO_32_BIT_CONVERSION = YES;
				GCC_WARN_ABOUT_RETURN_TYPE = YES_ERROR;
				GCC_WARN_UNDECLARED_SELECTOR = YES;
				GCC_WARN_UNINITIALIZED_AUTOS = YES_AGGRESSIVE;
				GCC_WARN_UNUSED_FUNCTION = YES;
				GCC_WARN_UNUSED_VARIABLE = YES;
				IPHONEOS_DEPLOYMENT_TARGET = 9.2;
				MTL_ENABLE_DEBUG_INFO = YES;
				ONLY_ACTIVE_ARCH = YES;
				SDKROOT = iphoneos;
				SWIFT_OPTIMIZATION_LEVEL = "-Onone";
				TARGETED_DEVICE_FAMILY = "1,2";
			};
			name = Debug;
		};
		10A03B021C5BBE51006E9EDE /* Release */ = {
			isa = XCBuildConfiguration;
			buildSettings = {
				ALWAYS_SEARCH_USER_PATHS = NO;
				CLANG_CXX_LANGUAGE_STANDARD = "gnu++0x";
				CLANG_CXX_LIBRARY = "libc++";
				CLANG_ENABLE_MODULES = YES;
				CLANG_ENABLE_OBJC_ARC = YES;
				CLANG_WARN_BOOL_CONVERSION = YES;
				CLANG_WARN_CONSTANT_CONVERSION = YES;
				CLANG_WARN_DIRECT_OBJC_ISA_USAGE = YES_ERROR;
				CLANG_WARN_EMPTY_BODY = YES;
				CLANG_WARN_ENUM_CONVERSION = YES;
				CLANG_WARN_INT_CONVERSION = YES;
				CLANG_WARN_OBJC_ROOT_CLASS = YES_ERROR;
				CLANG_WARN_UNREACHABLE_CODE = YES;
				CLANG_WARN__DUPLICATE_METHOD_MATCH = YES;
				"CODE_SIGN_IDENTITY[sdk=iphoneos*]" = "iPhone Developer";
				COPY_PHASE_STRIP = NO;
				DEBUG_INFORMATION_FORMAT = "dwarf-with-dsym";
				ENABLE_NS_ASSERTIONS = NO;
				ENABLE_STRICT_OBJC_MSGSEND = YES;
				GCC_C_LANGUAGE_STANDARD = gnu99;
				GCC_NO_COMMON_BLOCKS = YES;
				GCC_WARN_64_TO_32_BIT_CONVERSION = YES;
				GCC_WARN_ABOUT_RETURN_TYPE = YES_ERROR;
				GCC_WARN_UNDECLARED_SELECTOR = YES;
				GCC_WARN_UNINITIALIZED_AUTOS = YES_AGGRESSIVE;
				GCC_WARN_UNUSED_FUNCTION = YES;
				GCC_WARN_UNUSED_VARIABLE = YES;
				IPHONEOS_DEPLOYMENT_TARGET = 9.2;
				MTL_ENABLE_DEBUG_INFO = NO;
				SDKROOT = iphoneos;
				TARGETED_DEVICE_FAMILY = "1,2";
				VALIDATE_PRODUCT = YES;
			};
			name = Release;
		};
		10A03B041C5BBE51006E9EDE /* Debug */ = {
			isa = XCBuildConfiguration;
			buildSettings = {
				ASSETCATALOG_COMPILER_APPICON_NAME = AppIcon;
				INFOPLIST_FILE = TipCalculator/Info.plist;
				LD_RUNPATH_SEARCH_PATHS = "$(inherited) @executable_path/Frameworks";
				PRODUCT_BUNDLE_IDENTIFIER = trunhquang.TipCalculator;
				PRODUCT_NAME = "$(TARGET_NAME)";
			};
			name = Debug;
		};
		10A03B051C5BBE51006E9EDE /* Release */ = {
			isa = XCBuildConfiguration;
			buildSettings = {
				ASSETCATALOG_COMPILER_APPICON_NAME = AppIcon;
				INFOPLIST_FILE = TipCalculator/Info.plist;
				LD_RUNPATH_SEARCH_PATHS = "$(inherited) @executable_path/Frameworks";
				PRODUCT_BUNDLE_IDENTIFIER = trunhquang.TipCalculator;
				PRODUCT_NAME = "$(TARGET_NAME)";
			};
			name = Release;
		};
/* End XCBuildConfiguration section */

/* Begin XCConfigurationList section */
		10A03AEC1C5BBE51006E9EDE /* Build configuration list for PBXProject "TipCalculator" */ = {
			isa = XCConfigurationList;
			buildConfigurations = (
				10A03B011C5BBE51006E9EDE /* Debug */,
				10A03B021C5BBE51006E9EDE /* Release */,
			);
			defaultConfigurationIsVisible = 0;
			defaultConfigurationName = Release;
		};
		10A03B031C5BBE51006E9EDE /* Build configuration list for PBXNativeTarget "TipCalculator" */ = {
			isa = XCConfigurationList;
			buildConfigurations = (
				10A03B041C5BBE51006E9EDE /* Debug */,
				10A03B051C5BBE51006E9EDE /* Release */,
			);
			defaultConfigurationIsVisible = 0;
		};
/* End XCConfigurationList section */
	};
	rootObject = 10A03AE91C5BBE51006E9EDE /* Project object */;
}
